Microsoft Visual Studio Solution File, Format Version 12.00
# Visual Studio Version 17
VisualStudioVersion = 17.5.2.0
MinimumVisualStudioVersion = 10.0.40219.1
Project("{2150E333-8FDC-42A3-9474-1A3956D46DE8}") = "packages", "packages", "{809F86A1-1C4C-B159-0CD4-DF9D33D876CE}"
EndProject
Project("{2150E333-8FDC-42A3-9474-1A3956D46DE8}") = "services", "services", "{C4D17F28-1147-DD8D-7075-947F58739AF8}"
EndProject
Project("{FAE04EC0-301F-11D3-BF4B-00C04F79EFBC}") = "motherbase", "packages\services\motherbase\motherbase.csproj", "{C06939F4-282D-0BA6-AF36-D0918C888589}"
EndProject
Global
	GlobalSection(SolutionConfigurationPlatforms) = preSolution
		Debug|Any CPU = Debug|Any CPU
		Release|Any CPU = Release|Any CPU
	EndGlobalSection
	GlobalSection(ProjectConfigurationPlatforms) = postSolution
		{C06939F4-282D-0BA6-AF36-D0918C888589}.Debug|Any CPU.ActiveCfg = Debug|Any CPU
		{C06939F4-282D-0BA6-AF36-D0918C888589}.Debug|Any CPU.Build.0 = Debug|Any CPU
		{C06939F4-282D-0BA6-AF36-D0918C888589}.Release|Any CPU.ActiveCfg = Release|Any CPU
		{C06939F4-282D-0BA6-AF36-D0918C888589}.Release|Any CPU.Build.0 = Release|Any CPU
	EndGlobalSection
	GlobalSection(SolutionProperties) = preSolution
		HideSolutionNode = FALSE
	EndGlobalSection
	GlobalSection(NestedProjects) = preSolution
		{C4D17F28-1147-DD8D-7075-947F58739AF8} = {809F86A1-1C4C-B159-0CD4-DF9D33D876CE}
		{C06939F4-282D-0BA6-AF36-D0918C888589} = {C4D17F28-1147-DD8D-7075-947F58739AF8}
	EndGlobalSection
	GlobalSection(ExtensibilityGlobals) = postSolution
		SolutionGuid = {9CB11350-B4C8-4690-A718-C3A2BB9ACA2E}
	EndGlobalSection
EndGlobal
